
Microsoft Visual Studio Solution File, Format Version 12.00
# Visual Studio Version 16
VisualStudioVersion = 16.0.29806.167
MinimumVisualStudioVersion = 10.0.40219.1
Project("{FAE04EC0-301F-11D3-BF4B-00C04F79EFBC}") = "olottech-ci-cd.web", "olottech-ci-cd.web\olottech-ci-cd.web.csproj", "{BEA22773-C84F-457F-95B9-11CA94F39507}"
EndProject
Global
	GlobalSection(SolutionConfigurationPlatforms) = preSolution
		Debug|Any CPU = Debug|Any CPU
		Release|Any CPU = Release|Any CPU
	EndGlobalSection
	GlobalSection(ProjectConfigurationPlatforms) = postSolution
		{BEA22773-C84F-457F-95B9-11CA94F39507}.Debug|Any CPU.ActiveCfg = Debug|Any CPU
		{BEA22773-C84F-457F-95B9-11CA94F39507}.Debug|Any CPU.Build.0 = Debug|Any CPU
		{BEA22773-C84F-457F-95B9-11CA94F39507}.Release|Any CPU.ActiveCfg = Release|Any CPU
		{BEA22773-C84F-457F-95B9-11CA94F39507}.Release|Any CPU.Build.0 = Release|Any CPU
	EndGlobalSection
	GlobalSection(SolutionProperties) = preSolution
		HideSolutionNode = FALSE
	EndGlobalSection
	GlobalSection(ExtensibilityGlobals) = postSolution
		SolutionGuid = {9B3D246D-71CC-4FC9-8D44-317700D0D5C7}
	EndGlobalSection
EndGlobal
